# This file was autogenerated by Stack.
# You should not edit this file by hand.
# For more information, please see the documentation at:
#   https://docs.haskellstack.org/en/stable/lock_files

packages:
- completed:
    hackage: bytestring-encoding-0.1.2.0@sha256:e1d2700b1c13ccda4eb561a413e9fa1d7675cef41c709472e9817fb89c1d1c53,2049
    pantry-tree:
      sha256: 4475d86eeb63941b7601b4715aad228114225eac828a77c7d8aeb4c655dd1119
      size: 715
  original:
    hackage: bytestring-encoding-0.1.2.0
snapshots:
- completed:
    sha256: 6a553c5fa4f211a9b639da5e5359124a93627852dd9967bed202fdd71b25f15e
    size: 720021
    url: https://raw.githubusercontent.com/commercialhaskell/stackage-snapshots/master/lts/22/36.yaml
  original:
    url: https://raw.githubusercontent.com/commercialhaskell/stackage-snapshots/master/lts/22/36.yaml
